
Microsoft Visual Studio Solution File, Format Version 12.00
# Visual Studio Version 16
VisualStudioVersion = 16.0.29326.143
MinimumVisualStudioVersion = 10.0.40219.1
Project("{9A19103F-16F7-4668-BE54-9A1E7A4F7556}") = "DataDrive", "DataDrive\DataDrive.csproj", "{E18F42A6-FAEE-4FFE-88C5-24632387C6AC}"
EndProject
Project("{9A19103F-16F7-4668-BE54-9A1E7A4F7556}") = "DataDrive.DAO", "DataDrive.DAO\DataDrive.DAO.csproj", "{7D8ABF79-24C3-49DB-9345-9DA1DA5A4A6D}"
EndProject
Project("{9A19103F-16F7-4668-BE54-9A1E7A4F7556}") = "DataDrive.Files", "DataDrive.Files\DataDrive.Files.csproj", "{00415158-346F-46C1-89D6-3E7297314FF8}"
EndProject
Project("{9A19103F-16F7-4668-BE54-9A1E7A4F7556}") = "DataDrive.Tests", "DataDrive.Tests\DataDrive.Tests.csproj", "{18289CE4-FCE1-4E62-81FD-FCF0140F6EB0}"
EndProject
Project("{9A19103F-16F7-4668-BE54-9A1E7A4F7556}") = "DataDrive.Share", "DataDrive.Share\DataDrive.Share.csproj", "{F2C7AD84-CD2F-4E53-A95A-482C5B659F0A}"
EndProject
Project("{FAE04EC0-301F-11D3-BF4B-00C04F79EFBC}") = "DataDrive.Notes", "DataDrive.Notes\DataDrive.Notes.csproj", "{08CE4017-2C2C-4BBE-B8DA-5FA0595BD840}"
EndProject
Global
	GlobalSection(SolutionConfigurationPlatforms) = preSolution
		Debug|Any CPU = Debug|Any CPU
		Release|Any CPU = Release|Any CPU
	EndGlobalSection
	GlobalSection(ProjectConfigurationPlatforms) = postSolution
		{E18F42A6-FAEE-4FFE-88C5-24632387C6AC}.Debug|Any CPU.ActiveCfg = Debug|Any CPU
		{E18F42A6-FAEE-4FFE-88C5-24632387C6AC}.Debug|Any CPU.Build.0 = Debug|Any CPU
		{E18F42A6-FAEE-4FFE-88C5-24632387C6AC}.Release|Any CPU.ActiveCfg = Release|Any CPU
		{E18F42A6-FAEE-4FFE-88C5-24632387C6AC}.Release|Any CPU.Build.0 = Release|Any CPU
		{7D8ABF79-24C3-49DB-9345-9DA1DA5A4A6D}.Debug|Any CPU.ActiveCfg = Debug|Any CPU
		{7D8ABF79-24C3-49DB-9345-9DA1DA5A4A6D}.Debug|Any CPU.Build.0 = Debug|Any CPU
		{7D8ABF79-24C3-49DB-9345-9DA1DA5A4A6D}.Release|Any CPU.ActiveCfg = Release|Any CPU
		{7D8ABF79-24C3-49DB-9345-9DA1DA5A4A6D}.Release|Any CPU.Build.0 = Release|Any CPU
		{00415158-346F-46C1-89D6-3E7297314FF8}.Debug|Any CPU.ActiveCfg = Debug|Any CPU
		{00415158-346F-46C1-89D6-3E7297314FF8}.Debug|Any CPU.Build.0 = Debug|Any CPU
		{00415158-346F-46C1-89D6-3E7297314FF8}.Release|Any CPU.ActiveCfg = Release|Any CPU
		{00415158-346F-46C1-89D6-3E7297314FF8}.Release|Any CPU.Build.0 = Release|Any CPU
		{18289CE4-FCE1-4E62-81FD-FCF0140F6EB0}.Debug|Any CPU.ActiveCfg = Debug|Any CPU
		{18289CE4-FCE1-4E62-81FD-FCF0140F6EB0}.Debug|Any CPU.Build.0 = Debug|Any CPU
		{18289CE4-FCE1-4E62-81FD-FCF0140F6EB0}.Release|Any CPU.ActiveCfg = Release|Any CPU
		{18289CE4-FCE1-4E62-81FD-FCF0140F6EB0}.Release|Any CPU.Build.0 = Release|Any CPU
		{F2C7AD84-CD2F-4E53-A95A-482C5B659F0A}.Debug|Any CPU.ActiveCfg = Debug|Any CPU
		{F2C7AD84-CD2F-4E53-A95A-482C5B659F0A}.Debug|Any CPU.Build.0 = Debug|Any CPU
		{F2C7AD84-CD2F-4E53-A95A-482C5B659F0A}.Release|Any CPU.ActiveCfg = Release|Any CPU
		{F2C7AD84-CD2F-4E53-A95A-482C5B659F0A}.Release|Any CPU.Build.0 = Release|Any CPU
		{08CE4017-2C2C-4BBE-B8DA-5FA0595BD840}.Debug|Any CPU.ActiveCfg = Debug|Any CPU
		{08CE4017-2C2C-4BBE-B8DA-5FA0595BD840}.Debug|Any CPU.Build.0 = Debug|Any CPU
		{08CE4017-2C2C-4BBE-B8DA-5FA0595BD840}.Release|Any CPU.ActiveCfg = Release|Any CPU
		{08CE4017-2C2C-4BBE-B8DA-5FA0595BD840}.Release|Any CPU.Build.0 = Release|Any CPU
	EndGlobalSection
	GlobalSection(SolutionProperties) = preSolution
		HideSolutionNode = FALSE
	EndGlobalSection
	GlobalSection(ExtensibilityGlobals) = postSolution
		SolutionGuid = {888419A9-48A9-4BA6-8274-C91AC16AFF0E}
	EndGlobalSection
EndGlobal
